
Microsoft Visual Studio Solution File, Format Version 12.00
# Visual Studio Version 16
VisualStudioVersion = 16.0.30709.132
MinimumVisualStudioVersion = 10.0.40219.1
Project("{FAE04EC0-301F-11D3-BF4B-00C04F79EFBC}") = "AdventOfCode", "AdventOfCode\AdventOfCode.csproj", "{D8F04111-511B-4F7D-AF06-156B30BA9993}"
EndProject
Global
	GlobalSection(SolutionConfigurationPlatforms) = preSolution
		Debug|Any CPU = Debug|Any CPU
		Release|Any CPU = Release|Any CPU
	EndGlobalSection
	GlobalSection(ProjectConfigurationPlatforms) = postSolution
		{D8F04111-511B-4F7D-AF06-156B30BA9993}.Debug|Any CPU.ActiveCfg = Debug|Any CPU
		{D8F04111-511B-4F7D-AF06-156B30BA9993}.Debug|Any CPU.Build.0 = Debug|Any CPU
		{D8F04111-511B-4F7D-AF06-156B30BA9993}.Release|Any CPU.ActiveCfg = Release|Any CPU
		{D8F04111-511B-4F7D-AF06-156B30BA9993}.Release|Any CPU.Build.0 = Release|Any CPU
	EndGlobalSection
	GlobalSection(SolutionProperties) = preSolution
		HideSolutionNode = FALSE
	EndGlobalSection
	GlobalSection(ExtensibilityGlobals) = postSolution
		SolutionGuid = {6F57D306-E9A8-4EFA-ABD4-121271E799F6}
	EndGlobalSection
EndGlobal
